// !$*UTF8*$!
{
	archiveVersion = 1;
	classes = {
	};
	objectVersion = 55;
	objects = {

/* Begin PBXBuildFile section */
		53AA1818279AF0F400540CBB /* AppDelegate.swift in Sources */ = {isa = PBXBuildFile; fileRef = 53AA1817279AF0F400540CBB /* AppDelegate.swift */; };
		53AA181A279AF0F400540CBB /* SceneDelegate.swift in Sources */ = {isa = PBXBuildFile; fileRef = 53AA1819279AF0F400540CBB /* SceneDelegate.swift */; };
		53AA181C279AF0F400540CBB /* UploadViewController.swift in Sources */ = {isa = PBXBuildFile; fileRef = 53AA181B279AF0F400540CBB /* UploadViewController.swift */; };
		53AA181F279AF0F400540CBB /* Main.storyboard in Resources */ = {isa = PBXBuildFile; fileRef = 53AA181D279AF0F400540CBB /* Main.storyboard */; };
		53AA1821279AF0F800540CBB /* Assets.xcassets in Resources */ = {isa = PBXBuildFile; fileRef = 53AA1820279AF0F800540CBB /* Assets.xcassets */; };
		53AA1824279AF0F800540CBB /* LaunchScreen.storyboard in Resources */ = {isa = PBXBuildFile; fileRef = 53AA1822279AF0F800540CBB /* LaunchScreen.storyboard */; };
		53AA1837279DBFE800540CBB /* GoogleService-Info-2.plist in Resources */ = {isa = PBXBuildFile; fileRef = 53AA1836279DBFE800540CBB /* GoogleService-Info-2.plist */; };
		53AA183A279DC0E500540CBB /* FirebaseAnalytics in Frameworks */ = {isa = PBXBuildFile; productRef = 53AA1839279DC0E500540CBB /* FirebaseAnalytics */; };
		53AA183C279DC0E500540CBB /* FirebaseAuth in Frameworks */ = {isa = PBXBuildFile; productRef = 53AA183B279DC0E500540CBB /* FirebaseAuth */; };
		53AA183E279DC0E500540CBB /* FirebaseDatabase in Frameworks */ = {isa = PBXBuildFile; productRef = 53AA183D279DC0E500540CBB /* FirebaseDatabase */; settings = {ATTRIBUTES = (Required, ); }; };
		53AA1840279DC0E500540CBB /* FirebaseFirestore in Frameworks */ = {isa = PBXBuildFile; productRef = 53AA183F279DC0E500540CBB /* FirebaseFirestore */; };
		53AA1842279DC0E500540CBB /* FirebaseStorage in Frameworks */ = {isa = PBXBuildFile; productRef = 53AA1841279DC0E500540CBB /* FirebaseStorage */; };
		53AA1844279DC7BA00540CBB /* GoogleService-Info.plist in Resources */ = {isa = PBXBuildFile; fileRef = 53AA1843279DC7BA00540CBB /* GoogleService-Info.plist */; };
		53AA1846279DC91200540CBB /* DownloadViewController.swift in Sources */ = {isa = PBXBuildFile; fileRef = 53AA1845279DC91200540CBB /* DownloadViewController.swift */; };
		53AA1848279DCADB00540CBB /* DownloadViewCell.swift in Sources */ = {isa = PBXBuildFile; fileRef = 53AA1847279DCADB00540CBB /* DownloadViewCell.swift */; };
		53AA184A279EC7C400540CBB /* StorageManager.swift in Sources */ = {isa = PBXBuildFile; fileRef = 53AA1849279EC7C400540CBB /* StorageManager.swift */; };
		7BD9005627AAE5EA006F0026 /* TabBraViewController.swift in Sources */ = {isa = PBXBuildFile; fileRef = 7BD9005527AAE5EA006F0026 /* TabBraViewController.swift */; };
/* End PBXBuildFile section */

/* Begin PBXFileReference section */
		53AA1814279AF0F400540CBB /* PhotoKit.app */ = {isa = PBXFileReference; explicitFileType = wrapper.application; includeInIndex = 0; path = PhotoKit.app; sourceTree = BUILT_PRODUCTS_DIR; };
		53AA1817279AF0F400540CBB /* AppDelegate.swift */ = {isa = PBXFileReference; lastKnownFileType = sourcecode.swift; path = AppDelegate.swift; sourceTree = "<group>"; };
		53AA1819279AF0F400540CBB /* SceneDelegate.swift */ = {isa = PBXFileReference; lastKnownFileType = sourcecode.swift; path = SceneDelegate.swift; sourceTree = "<group>"; };
		53AA181B279AF0F400540CBB /* UploadViewController.swift */ = {isa = PBXFileReference; lastKnownFileType = sourcecode.swift; path = UploadViewController.swift; sourceTree = "<group>"; };
		53AA181E279AF0F400540CBB /* Base */ = {isa = PBXFileReference; lastKnownFileType = file.storyboard; name = Base; path = Base.lproj/Main.storyboard; sourceTree = "<group>"; };
		53AA1820279AF0F800540CBB /* Assets.xcassets */ = {isa = PBXFileReference; lastKnownFileType = folder.assetcatalog; path = Assets.xcassets; sourceTree = "<group>"; };
		53AA1823279AF0F800540CBB /* Base */ = {isa = PBXFileReference; lastKnownFileType = file.storyboard; name = Base; path = Base.lproj/LaunchScreen.storyboard; sourceTree = "<group>"; };
		53AA1825279AF0F800540CBB /* Info.plist */ = {isa = PBXFileReference; lastKnownFileType = text.plist.xml; path = Info.plist; sourceTree = "<group>"; };
		53AA1836279DBFE800540CBB /* GoogleService-Info-2.plist */ = {isa = PBXFileReference; fileEncoding = 4; lastKnownFileType = text.plist.xml; path = "GoogleService-Info-2.plist"; sourceTree = "<group>"; };
		53AA1843279DC7BA00540CBB /* GoogleService-Info.plist */ = {isa = PBXFileReference; fileEncoding = 4; lastKnownFileType = text.plist.xml; path = "GoogleService-Info.plist"; sourceTree = "<group>"; };
		53AA1845279DC91200540CBB /* DownloadViewController.swift */ = {isa = PBXFileReference; lastKnownFileType = sourcecode.swift; path = DownloadViewController.swift; sourceTree = "<group>"; };
		53AA1847279DCADB00540CBB /* DownloadViewCell.swift */ = {isa = PBXFileReference; lastKnownFileType = sourcecode.swift; path = DownloadViewCell.swift; sourceTree = "<group>"; };
		53AA1849279EC7C400540CBB /* StorageManager.swift */ = {isa = PBXFileReference; lastKnownFileType = sourcecode.swift; path = StorageManager.swift; sourceTree = "<group>"; };
		7BD9005527AAE5EA006F0026 /* TabBraViewController.swift */ = {isa = PBXFileReference; lastKnownFileType = sourcecode.swift; path = TabBraViewController.swift; sourceTree = "<group>"; };
/* End PBXFileReference section */

/* Begin PBXFrameworksBuildPhase section */
		53AA1811279AF0F400540CBB /* Frameworks */ = {
			isa = PBXFrameworksBuildPhase;
			buildActionMask = 2147483647;
			files = (
				53AA183E279DC0E500540CBB /* FirebaseDatabase in Frameworks */,
				53AA1840279DC0E500540CBB /* FirebaseFirestore in Frameworks */,
				53AA183A279DC0E500540CBB /* FirebaseAnalytics in Frameworks */,
				53AA1842279DC0E500540CBB /* FirebaseStorage in Frameworks */,
				53AA183C279DC0E500540CBB /* FirebaseAuth in Frameworks */,
			);
			runOnlyForDeploymentPostprocessing = 0;
		};
/* End PBXFrameworksBuildPhase section */

/* Begin PBXGroup section */
		53AA180B279AF0F400540CBB = {
			isa = PBXGroup;
			children = (
				53AA1816279AF0F400540CBB /* PhotoKit */,
				53AA1815279AF0F400540CBB /* Products */,
			);
			sourceTree = "<group>";
		};
		53AA1815279AF0F400540CBB /* Products */ = {
			isa = PBXGroup;
			children = (
				53AA1814279AF0F400540CBB /* PhotoKit.app */,
			);
			name = Products;
			sourceTree = "<group>";
		};
		53AA1816279AF0F400540CBB /* PhotoKit */ = {
			isa = PBXGroup;
			children = (
				53AA1817279AF0F400540CBB /* AppDelegate.swift */,
				53AA1819279AF0F400540CBB /* SceneDelegate.swift */,
				53AA181B279AF0F400540CBB /* UploadViewController.swift */,
				53AA1845279DC91200540CBB /* DownloadViewController.swift */,
				53AA1847279DCADB00540CBB /* DownloadViewCell.swift */,
				53AA1849279EC7C400540CBB /* StorageManager.swift */,
				53AA181D279AF0F400540CBB /* Main.storyboard */,
				7BD9005527AAE5EA006F0026 /* TabBraViewController.swift */,
				53AA1820279AF0F800540CBB /* Assets.xcassets */,
				53AA1822279AF0F800540CBB /* LaunchScreen.storyboard */,
				53AA1825279AF0F800540CBB /* Info.plist */,
				53AA1843279DC7BA00540CBB /* GoogleService-Info.plist */,
				53AA1836279DBFE800540CBB /* GoogleService-Info-2.plist */,
			);
			path = PhotoKit;
			sourceTree = "<group>";
		};
/* End PBXGroup section */

/* Begin PBXNativeTarget section */
		53AA1813279AF0F400540CBB /* PhotoKit */ = {
			isa = PBXNativeTarget;
			buildConfigurationList = 53AA1828279AF0F800540CBB /* Build configuration list for PBXNativeTarget "PhotoKit" */;
			buildPhases = (
				53AA1810279AF0F400540CBB /* Sources */,
				53AA1811279AF0F400540CBB /* Frameworks */,
				53AA1812279AF0F400540CBB /* Resources */,
			);
			buildRules = (
			);
			dependencies = (
			);
			name = PhotoKit;
			packageProductDependencies = (
				53AA1839279DC0E500540CBB /* FirebaseAnalytics */,
				53AA183B279DC0E500540CBB /* FirebaseAuth */,
				53AA183D279DC0E500540CBB /* FirebaseDatabase */,
				53AA183F279DC0E500540CBB /* FirebaseFirestore */,
				53AA1841279DC0E500540CBB /* FirebaseStorage */,
			);
			productName = PhotoKit;
			productReference = 53AA1814279AF0F400540CBB /* PhotoKit.app */;
			productType = "com.apple.product-type.application";
		};
/* End PBXNativeTarget section */

/* Begin PBXProject section */
		53AA180C279AF0F400540CBB /* Project object */ = {
			isa = PBXProject;
			attributes = {
				BuildIndependentTargetsInParallel = 1;
				LastSwiftUpdateCheck = 1300;
				LastUpgradeCheck = 1300;
				TargetAttributes = {
					53AA1813279AF0F400540CBB = {
						CreatedOnToolsVersion = 13.0;
					};
				};
			};
			buildConfigurationList = 53AA180F279AF0F400540CBB /* Build configuration list for PBXProject "PhotoKit" */;
			compatibilityVersion = "Xcode 13.0";
			developmentRegion = en;
			hasScannedForEncodings = 0;
			knownRegions = (
				en,
				Base,
			);
			mainGroup = 53AA180B279AF0F400540CBB;
			packageReferences = (
				53AA1838279DC0E500540CBB /* XCRemoteSwiftPackageReference "firebase-ios-sdk" */,
			);
			productRefGroup = 53AA1815279AF0F400540CBB /* Products */;
			projectDirPath = "";
			projectRoot = "";
			targets = (
				53AA1813279AF0F400540CBB /* PhotoKit */,
			);
		};
/* End PBXProject section */

/* Begin PBXResourcesBuildPhase section */
		53AA1812279AF0F400540CBB /* Resources */ = {
			isa = PBXResourcesBuildPhase;
			buildActionMask = 2147483647;
			files = (
				53AA1824279AF0F800540CBB /* LaunchScreen.storyboard in Resources */,
				53AA1821279AF0F800540CBB /* Assets.xcassets in Resources */,
				53AA1844279DC7BA00540CBB /* GoogleService-Info.plist in Resources */,
				53AA1837279DBFE800540CBB /* GoogleService-Info-2.plist in Resources */,
				53AA181F279AF0F400540CBB /* Main.storyboard in Resources */,
			);
			runOnlyForDeploymentPostprocessing = 0;
		};
/* End PBXResourcesBuildPhase section */

/* Begin PBXSourcesBuildPhase section */
		53AA1810279AF0F400540CBB /* Sources */ = {
			isa = PBXSourcesBuildPhase;
			buildActionMask = 2147483647;
			files = (
				7BD9005627AAE5EA006F0026 /* TabBraViewController.swift in Sources */,
				53AA181C279AF0F400540CBB /* UploadViewController.swift in Sources */,
				53AA1818279AF0F400540CBB /* AppDelegate.swift in Sources */,
				53AA181A279AF0F400540CBB /* SceneDelegate.swift in Sources */,
				53AA184A279EC7C400540CBB /* StorageManager.swift in Sources */,
				53AA1848279DCADB00540CBB /* DownloadViewCell.swift in Sources */,
				53AA1846279DC91200540CBB /* DownloadViewController.swift in Sources */,
			);
			runOnlyForDeploymentPostprocessing = 0;
		};
/* End PBXSourcesBuildPhase section */

/* Begin PBXVariantGroup section */
		53AA181D279AF0F400540CBB /* Main.storyboard */ = {
			isa = PBXVariantGroup;
			children = (
				53AA181E279AF0F400540CBB /* Base */,
			);
			name = Main.storyboard;
			sourceTree = "<group>";
		};
		53AA1822279AF0F800540CBB /* LaunchScreen.storyboard */ = {
			isa = PBXVariantGroup;
			children = (
				53AA1823279AF0F800540CBB /* Base */,
			);
			name = LaunchScreen.storyboard;
			sourceTree = "<group>";
		};
/* End PBXVariantGroup section */

/* Begin XCBuildConfiguration section */
		53AA1826279AF0F800540CBB /* Debug */ = {
			isa = XCBuildConfiguration;
			buildSettings = {
				ALWAYS_SEARCH_USER_PATHS = NO;
				CLANG_ANALYZER_NONNULL = YES;
				CLANG_ANALYZER_NUMBER_OBJECT_CONVERSION = YES_AGGRESSIVE;
				CLANG_CXX_LANGUAGE_STANDARD = "gnu++17";
				CLANG_CXX_LIBRARY = "libc++";
				CLANG_ENABLE_MODULES = YES;
				CLANG_ENABLE_OBJC_ARC = YES;
				CLANG_ENABLE_OBJC_WEAK = YES;
				CLANG_WARN_BLOCK_CAPTURE_AUTORELEASING = YES;
				CLANG_WARN_BOOL_CONVERSION = YES;
				CLANG_WARN_COMMA = YES;
				CLANG_WARN_CONSTANT_CONVERSION = YES;
				CLANG_WARN_DEPRECATED_OBJC_IMPLEMENTATIONS = YES;
				CLANG_WARN_DIRECT_OBJC_ISA_USAGE = YES_ERROR;
				CLANG_WARN_DOCUMENTATION_COMMENTS = YES;
				CLANG_WARN_EMPTY_BODY = YES;
				CLANG_WARN_ENUM_CONVERSION = YES;
				CLANG_WARN_INFINITE_RECURSION = YES;
				CLANG_WARN_INT_CONVERSION = YES;
				CLANG_WARN_NON_LITERAL_NULL_CONVERSION = YES;
				CLANG_WARN_OBJC_IMPLICIT_RETAIN_SELF = YES;
				CLANG_WARN_OBJC_LITERAL_CONVERSION = YES;
				CLANG_WARN_OBJC_ROOT_CLASS = YES_ERROR;
				CLANG_WARN_QUOTED_INCLUDE_IN_FRAMEWORK_HEADER = YES;
				CLANG_WARN_RANGE_LOOP_ANALYSIS = YES;
				CLANG_WARN_STRICT_PROTOTYPES = YES;
				CLANG_WARN_SUSPICIOUS_MOVE = YES;
				CLANG_WARN_UNGUARDED_AVAILABILITY = YES_AGGRESSIVE;
				CLANG_WARN_UNREACHABLE_CODE = YES;
				CLANG_WARN__DUPLICATE_METHOD_MATCH = YES;
				COPY_PHASE_STRIP = NO;
				DEBUG_INFORMATION_FORMAT = dwarf;
				ENABLE_STRICT_OBJC_MSGSEND = YES;
				ENABLE_TESTABILITY = YES;
				GCC_C_LANGUAGE_STANDARD = gnu11;
				GCC_DYNAMIC_NO_PIC = NO;
				GCC_NO_COMMON_BLOCKS = YES;
				GCC_OPTIMIZATION_LEVEL = 0;
				GCC_PREPROCESSOR_DEFINITIONS = (
					"DEBUG=1",
					"$(inherited)",
				);
				GCC_WARN_64_TO_32_BIT_CONVERSION = YES;
				GCC_WARN_ABOUT_RETURN_TYPE = YES_ERROR;
				GCC_WARN_UNDECLARED_SELECTOR = YES;
				GCC_WARN_UNINITIALIZED_AUTOS = YES_AGGRESSIVE;
				GCC_WARN_UNUSED_FUNCTION = YES;
				GCC_WARN_UNUSED_VARIABLE = YES;
				IPHONEOS_DEPLOYMENT_TARGET = 15.0;
				MTL_ENABLE_DEBUG_INFO = INCLUDE_SOURCE;
				MTL_FAST_MATH = YES;
				ONLY_ACTIVE_ARCH = YES;
				SDKROOT = iphoneos;
				SWIFT_ACTIVE_COMPILATION_CONDITIONS = DEBUG;
				SWIFT_OPTIMIZATION_LEVEL = "-Onone";
			};
			name = Debug;
		};
		53AA1827279AF0F800540CBB /* Release */ = {
			isa = XCBuildConfiguration;
			buildSettings = {
				ALWAYS_SEARCH_USER_PATHS = NO;
				CLANG_ANALYZER_NONNULL = YES;
				CLANG_ANALYZER_NUMBER_OBJECT_CONVERSION = YES_AGGRESSIVE;
				CLANG_CXX_LANGUAGE_STANDARD = "gnu++17";
				CLANG_CXX_LIBRARY = "libc++";
				CLANG_ENABLE_MODULES = YES;
				CLANG_ENABLE_OBJC_ARC = YES;
				CLANG_ENABLE_OBJC_WEAK = YES;
				CLANG_WARN_BLOCK_CAPTURE_AUTORELEASING = YES;
				CLANG_WARN_BOOL_CONVERSION = YES;
				CLANG_WARN_COMMA = YES;
				CLANG_WARN_CONSTANT_CONVERSION = YES;
				CLANG_WARN_DEPRECATED_OBJC_IMPLEMENTATIONS = YES;
				CLANG_WARN_DIRECT_OBJC_ISA_USAGE = YES_ERROR;
				CLANG_WARN_DOCUMENTATION_COMMENTS = YES;
				CLANG_WARN_EMPTY_BODY = YES;
				CLANG_WARN_ENUM_CONVERSION = YES;
				CLANG_WARN_INFINITE_RECURSION = YES;
				CLANG_WARN_INT_CONVERSION = YES;
				CLANG_WARN_NON_LITERAL_NULL_CONVERSION = YES;
				CLANG_WARN_OBJC_IMPLICIT_RETAIN_SELF = YES;
				CLANG_WARN_OBJC_LITERAL_CONVERSION = YES;
				CLANG_WARN_OBJC_ROOT_CLASS = YES_ERROR;
				CLANG_WARN_QUOTED_INCLUDE_IN_FRAMEWORK_HEADER = YES;
				CLANG_WARN_RANGE_LOOP_ANALYSIS = YES;
				CLANG_WARN_STRICT_PROTOTYPES = YES;
				CLANG_WARN_SUSPICIOUS_MOVE = YES;
				CLANG_WARN_UNGUARDED_AVAILABILITY = YES_AGGRESSIVE;
				CLANG_WARN_UNREACHABLE_CODE = YES;
				CLANG_WARN__DUPLICATE_METHOD_MATCH = YES;
				COPY_PHASE_STRIP = NO;
				DEBUG_INFORMATION_FORMAT = "dwarf-with-dsym";
				ENABLE_NS_ASSERTIONS = NO;
				ENABLE_STRICT_OBJC_MSGSEND = YES;
				GCC_C_LANGUAGE_STANDARD = gnu11;
				GCC_NO_COMMON_BLOCKS = YES;
				GCC_WARN_64_TO_32_BIT_CONVERSION = YES;
				GCC_WARN_ABOUT_RETURN_TYPE = YES_ERROR;
				GCC_WARN_UNDECLARED_SELECTOR = YES;
				GCC_WARN_UNINITIALIZED_AUTOS = YES_AGGRESSIVE;
				GCC_WARN_UNUSED_FUNCTION = YES;
				GCC_WARN_UNUSED_VARIABLE = YES;
				IPHONEOS_DEPLOYMENT_TARGET = 15.0;
				MTL_ENABLE_DEBUG_INFO = NO;
				MTL_FAST_MATH = YES;
				SDKROOT = iphoneos;
				SWIFT_COMPILATION_MODE = wholemodule;
				SWIFT_OPTIMIZATION_LEVEL = "-O";
				VALIDATE_PRODUCT = YES;
			};
			name = Release;
		};
		53AA1829279AF0F800540CBB /* Debug */ = {
			isa = XCBuildConfiguration;
			buildSettings = {
				ASSETCATALOG_COMPILER_APPICON_NAME = AppIcon;
				ASSETCATALOG_COMPILER_GLOBAL_ACCENT_COLOR_NAME = AccentColor;
				CODE_SIGN_STYLE = Automatic;
				CURRENT_PROJECT_VERSION = 1;
				DEVELOPMENT_TEAM = 7563MXF692;
				GENERATE_INFOPLIST_FILE = YES;
				INFOPLIST_FILE = PhotoKit/Info.plist;
				INFOPLIST_KEY_NSPhotoLibraryUsageDescription = "Test text";
				INFOPLIST_KEY_UIApplicationSupportsIndirectInputEvents = YES;
				INFOPLIST_KEY_UILaunchStoryboardName = LaunchScreen;
				INFOPLIST_KEY_UIMainStoryboardFile = Main;
				INFOPLIST_KEY_UISupportedInterfaceOrientations = UIInterfaceOrientationPortrait;
				INFOPLIST_KEY_UISupportedInterfaceOrientations_iPad = "UIInterfaceOrientationPortrait UIInterfaceOrientationPortraitUpsideDown UIInterfaceOrientationLandscapeLeft UIInterfaceOrientationLandscapeRight";
				INFOPLIST_KEY_UISupportedInterfaceOrientations_iPhone = "UIInterfaceOrientationPortrait UIInterfaceOrientationLandscapeLeft UIInterfaceOrientationLandscapeRight";
				LD_RUNPATH_SEARCH_PATHS = (
					"$(inherited)",
					"@executable_path/Frameworks",
				);
				MARKETING_VERSION = 1.0;
				PRODUCT_BUNDLE_IDENTIFIER = ua.serhii.PhotoKit;
				PRODUCT_NAME = "$(TARGET_NAME)";
				SWIFT_EMIT_LOC_STRINGS = YES;
				SWIFT_VERSION = 5.0;
				TARGETED_DEVICE_FAMILY = 1;
			};
			name = Debug;
		};
		53AA182A279AF0F800540CBB /* Release */ = {
			isa = XCBuildConfiguration;
			buildSettings = {
				ASSETCATALOG_COMPILER_APPICON_NAME = AppIcon;
				ASSETCATALOG_COMPILER_GLOBAL_ACCENT_COLOR_NAME = AccentColor;
				CODE_SIGN_STYLE = Automatic;
				CURRENT_PROJECT_VERSION = 1;
				DEVELOPMENT_TEAM = 7563MXF692;
				GENERATE_INFOPLIST_FILE = YES;
				INFOPLIST_FILE = PhotoKit/Info.plist;
				INFOPLIST_KEY_NSPhotoLibraryUsageDescription = "Test text";
				INFOPLIST_KEY_UIApplicationSupportsIndirectInputEvents = YES;
				INFOPLIST_KEY_UILaunchStoryboardName = LaunchScreen;
				INFOPLIST_KEY_UIMainStoryboardFile = Main;
				INFOPLIST_KEY_UISupportedInterfaceOrientations = UIInterfaceOrientationPortrait;
				INFOPLIST_KEY_UISupportedInterfaceOrientations_iPad = "UIInterfaceOrientationPortrait UIInterfaceOrientationPortraitUpsideDown UIInterfaceOrientationLandscapeLeft UIInterfaceOrientationLandscapeRight";
				INFOPLIST_KEY_UISupportedInterfaceOrientations_iPhone = "UIInterfaceOrientationPortrait UIInterfaceOrientationLandscapeLeft UIInterfaceOrientationLandscapeRight";
				LD_RUNPATH_SEARCH_PATHS = (
					"$(inherited)",
					"@executable_path/Frameworks",
				);
				MARKETING_VERSION = 1.0;
				PRODUCT_BUNDLE_IDENTIFIER = ua.serhii.PhotoKit;
				PRODUCT_NAME = "$(TARGET_NAME)";
				SWIFT_EMIT_LOC_STRINGS = YES;
				SWIFT_VERSION = 5.0;
				TARGETED_DEVICE_FAMILY = 1;
			};
			name = Release;
		};
/* End XCBuildConfiguration section */

/* Begin XCConfigurationList section */
		53AA180F279AF0F400540CBB /* Build configuration list for PBXProject "PhotoKit" */ = {
			isa = XCConfigurationList;
			buildConfigurations = (
				53AA1826279AF0F800540CBB /* Debug */,
				53AA1827279AF0F800540CBB /* Release */,
			);
			defaultConfigurationIsVisible = 0;
			defaultConfigurationName = Release;
		};
		53AA1828279AF0F800540CBB /* Build configuration list for PBXNativeTarget "PhotoKit" */ = {
			isa = XCConfigurationList;
			buildConfigurations = (
				53AA1829279AF0F800540CBB /* Debug */,
				53AA182A279AF0F800540CBB /* Release */,
			);
			defaultConfigurationIsVisible = 0;
			defaultConfigurationName = Release;
		};
/* End XCConfigurationList section */

/* Begin XCRemoteSwiftPackageReference section */
		53AA1838279DC0E500540CBB /* XCRemoteSwiftPackageReference "firebase-ios-sdk" */ = {
			isa = XCRemoteSwiftPackageReference;
			repositoryURL = "https://github.com/ser-kr/firebase-ios-sdk";
			requirement = {
				kind = upToNextMajorVersion;
				minimumVersion = 8.0.0;
			};
		};
/* End XCRemoteSwiftPackageReference section */

/* Begin XCSwiftPackageProductDependency section */
		53AA1839279DC0E500540CBB /* FirebaseAnalytics */ = {
			isa = XCSwiftPackageProductDependency;
			package = 53AA1838279DC0E500540CBB /* XCRemoteSwiftPackageReference "firebase-ios-sdk" */;
			productName = FirebaseAnalytics;
		};
		53AA183B279DC0E500540CBB /* FirebaseAuth */ = {
			isa = XCSwiftPackageProductDependency;
			package = 53AA1838279DC0E500540CBB /* XCRemoteSwiftPackageReference "firebase-ios-sdk" */;
			productName = FirebaseAuth;
		};
		53AA183D279DC0E500540CBB /* FirebaseDatabase */ = {
			isa = XCSwiftPackageProductDependency;
			package = 53AA1838279DC0E500540CBB /* XCRemoteSwiftPackageReference "firebase-ios-sdk" */;
			productName = FirebaseDatabase;
		};
		53AA183F279DC0E500540CBB /* FirebaseFirestore */ = {
			isa = XCSwiftPackageProductDependency;
			package = 53AA1838279DC0E500540CBB /* XCRemoteSwiftPackageReference "firebase-ios-sdk" */;
			productName = FirebaseFirestore;
		};
		53AA1841279DC0E500540CBB /* FirebaseStorage */ = {
			isa = XCSwiftPackageProductDependency;
			package = 53AA1838279DC0E500540CBB /* XCRemoteSwiftPackageReference "firebase-ios-sdk" */;
			productName = FirebaseStorage;
		};
/* End XCSwiftPackageProductDependency section */
	};
	rootObject = 53AA180C279AF0F400540CBB /* Project object */;
}
